
Microsoft Visual Studio Solution File, Format Version 12.00
# Visual Studio Version 17
VisualStudioVersion = 17.0.31903.59
MinimumVisualStudioVersion = 10.0.40219.1
Project("{FAE04EC0-301F-11D3-BF4B-00C04F79EFBC}") = "part1console", "part1console\part1console.csproj", "{528DE0BA-765C-4C0F-B32E-31C9CF73FCE6}"
EndProject
Project("{FAE04EC0-301F-11D3-BF4B-00C04F79EFBC}") = "part2console", "part2console\part2console.csproj", "{0565788E-09F4-4518-A826-2D8590845B9F}"
EndProject
Global
	GlobalSection(SolutionConfigurationPlatforms) = preSolution
		Debug|Any CPU = Debug|Any CPU
		Release|Any CPU = Release|Any CPU
	EndGlobalSection
	GlobalSection(SolutionProperties) = preSolution
		HideSolutionNode = FALSE
	EndGlobalSection
	GlobalSection(ProjectConfigurationPlatforms) = postSolution
		{528DE0BA-765C-4C0F-B32E-31C9CF73FCE6}.Debug|Any CPU.ActiveCfg = Debug|Any CPU
		{528DE0BA-765C-4C0F-B32E-31C9CF73FCE6}.Debug|Any CPU.Build.0 = Debug|Any CPU
		{528DE0BA-765C-4C0F-B32E-31C9CF73FCE6}.Release|Any CPU.ActiveCfg = Release|Any CPU
		{528DE0BA-765C-4C0F-B32E-31C9CF73FCE6}.Release|Any CPU.Build.0 = Release|Any CPU
		{0565788E-09F4-4518-A826-2D8590845B9F}.Debug|Any CPU.ActiveCfg = Debug|Any CPU
		{0565788E-09F4-4518-A826-2D8590845B9F}.Debug|Any CPU.Build.0 = Debug|Any CPU
		{0565788E-09F4-4518-A826-2D8590845B9F}.Release|Any CPU.ActiveCfg = Release|Any CPU
		{0565788E-09F4-4518-A826-2D8590845B9F}.Release|Any CPU.Build.0 = Release|Any CPU
	EndGlobalSection
EndGlobal
